{
  "name": "opencode",
  "lockfileVersion": 3,
  "requires": true,
  "packages": {
    "": {
      "dependencies": {
        "@franlol/opencode-md-table-formatter": "0.0.3",
        "@opencode-ai/plugin": "1.16.2",
        "@opencode-ai/sdk": "latest",
        "@opencode-plugins/env-protection": "^1.0.4",
        "glob": "^13.0.6",
        "js-yaml": "^5.1.0",
        "jsonpath-plus": "^10.4.0",
        "opencode-ai": "^1.16.2",
        "typescript": "^6.0.3",
        "typescript-language-server": "^5.3.0",
        "vscode-langservers-extracted": "^4.10.0",
        "zod": "^3.25.76"
      },
      "devDependencies": {
        "@types/js-yaml": "^4.0.9",
        "@types/node": "^25.9.2"
      }
    },
    "node_modules/@franlol/opencode-md-table-formatter": {
      "version": "0.0.3",
      "license": "MIT",
      "engines": {
        "node": ">=18.0.0"
      },
      "peerDependencies": {
        "@opencode-ai/plugin": ">=0.13.7"
      }
    },
    "node_modules/@jsep-plugin/assignment": {
      "version": "1.3.0",
      "resolved": "https://registry.npmjs.org/@jsep-plugin/assignment/-/assignment-1.3.0.tgz",
      "integrity": "sha512-VVgV+CXrhbMI3aSusQyclHkenWSAm95WaiKrMxRFam3JSUiIaQjoMIw2sEs/OX4XifnqeQUN4DYbJjlA8EfktQ==",
      "license": "MIT",
      "engines": {
        "node": ">= 10.16.0"
      },
      "peerDependencies": {
        "jsep": "^0.4.0||^1.0.0"
      }
    },
    "node_modules/@jsep-plugin/regex": {
      "version": "1.0.4",
      "resolved": "https://registry.npmjs.org/@jsep-plugin/regex/-/regex-1.0.4.tgz",
      "integrity": "sha512-q7qL4Mgjs1vByCaTnDFcBnV9HS7GVPJX5vyVoCgZHNSC9rjwIlmbXG5sUuorR5ndfHAIlJ8pVStxvjXHbNvtUg==",
      "license": "MIT",
      "engines": {
        "node": ">= 10.16.0"
      },
      "peerDependencies": {
        "jsep": "^0.4.0||^1.0.0"
      }
    },
    "node_modules/@msgpackr-extract/msgpackr-extract-darwin-arm64": {
      "version": "3.0.4",
      "resolved": "https://registry.npmjs.org/@msgpackr-extract/msgpackr-extract-darwin-arm64/-/msgpackr-extract-darwin-arm64-3.0.4.tgz",
      "integrity": "sha512-LCkGo6JDfaBhgST7UpPWgNgLINpcpabaHfyz5OBx75nUYxBsaEPxjnyNjWpeb/xBup/682QnBfRBy2/LvPutZQ==",
      "cpu": [
        "arm64"
      ],
      "license": "MIT",
      "optional": true,
      "os": [
        "darwin"
      ]
    },
    "node_modules/@msgpackr-extract/msgpackr-extract-darwin-x64": {
      "version": "3.0.4",
      "resolved": "https://registry.npmjs.org/@msgpackr-extract/msgpackr-extract-darwin-x64/-/msgpackr-extract-darwin-x64-3.0.4.tgz",
      "integrity": "sha512-zExlW9zUJKZH/tOtVMttwjKa4Xm/3KcNjnE3dPN92uCktwavMxpgCA3MoJK/DOnTWsQgo224OaST27/mPNAf+w==",
      "cpu": [
        "x64"
      ],
      "license": "MIT",
      "optional": true,
      "os": [
        "darwin"
      ]
    },
    "node_modules/@msgpackr-extract/msgpackr-extract-linux-arm": {
      "version": "3.0.4",
      "resolved": "https://registry.npmjs.org/@msgpackr-extract/msgpackr-extract-linux-arm/-/msgpackr-extract-linux-arm-3.0.4.tgz",
      "integrity": "sha512-Tg3yX65f5GbtXLkrYEHE5oibZG9epyYWas7FogTTEJeDEF9JlXJzKgXaNhT3UXlTOeA+AfZpYZYZ0uPj7Cfquw==",
      "cpu": [
        "arm"
      ],
      "license": "MIT",
      "optional": true,
      "os": [
        "linux"
      ]
    },
    "node_modules/@msgpackr-extract/msgpackr-extract-linux-arm64": {
      "version": "3.0.4",
      "resolved": "https://registry.npmjs.org/@msgpackr-extract/msgpackr-extract-linux-arm64/-/msgpackr-extract-linux-arm64-3.0.4.tgz",
      "integrity": "sha512-dgX0P/9wGPJeHFBG+ZmhgE6bmtMt7NP5CRBGyyktpopdk/mW4POnrpQsSLtKI1dwpc+pPLuXHDh6vvskyQE/sw==",
      "cpu": [
        "arm64"
      ],
      "license": "MIT",
      "optional": true,
      "os": [
        "linux"
      ]
    },
    "node_modules/@msgpackr-extract/msgpackr-extract-linux-x64": {
      "version": "3.0.4",
      "resolved": "https://registry.npmjs.org/@msgpackr-extract/msgpackr-extract-linux-x64/-/msgpackr-extract-linux-x64-3.0.4.tgz",
      "integrity": "sha512-8TNXMEjJc3QEy7R/x1INhgiU+XakDAFUzBhaz7+Rbrs8NH5UQeHQxxmzsSBJGyV6I1jW79undiQm8tOI+D+8FQ==",
      "cpu": [
        "x64"
      ],
      "license": "MIT",
      "optional": true,
      "os": [
        "linux"
      ]
    },
    "node_modules/@msgpackr-extract/msgpackr-extract-win32-x64": {
      "version": "3.0.4",
      "resolved": "https://registry.npmjs.org/@msgpackr-extract/msgpackr-extract-win32-x64/-/msgpackr-extract-win32-x64-3.0.4.tgz",
      "integrity": "sha512-CmCXPQrkbwExx3j946/PtHWHbYJiCRBRDl4BlkRQcJB/YOwQxJRTpoo7aTsortjgoJ1x7opzTSxn7C+ASSLVjQ==",
      "cpu": [
        "x64"
      ],
      "license": "MIT",
      "optional": true,
      "os": [
        "win32"
      ]
    },
    "node_modules/@opencode-ai/plugin": {
      "version": "1.16.2",
      "resolved": "https://registry.npmjs.org/@opencode-ai/plugin/-/plugin-1.16.2.tgz",
      "integrity": "sha512-FaZhVXrbz93xsdGLCtarRDTeqFt8AkLfh8B34tFBj6G4HXVmKSgBwVXmtELKKC+08xMtawBC9hshiMbXryv6cg==",
      "license": "MIT",
      "dependencies": {
        "@opencode-ai/sdk": "1.16.2",
        "effect": "4.0.0-beta.74",
        "zod": "4.1.8"
      },
      "peerDependencies": {
        "@opentui/core": ">=0.3.2",
        "@opentui/keymap": ">=0.3.2",
        "@opentui/solid": ">=0.3.2"
      },
      "peerDependenciesMeta": {
        "@opentui/core": {
          "optional": true
        },
        "@opentui/keymap": {
          "optional": true
        },
        "@opentui/solid": {
          "optional": true
        }
      }
    },
    "node_modules/@opencode-ai/plugin/node_modules/@opencode-ai/sdk": {
      "version": "1.16.2",
      "resolved": "https://registry.npmjs.org/@opencode-ai/sdk/-/sdk-1.16.2.tgz",
      "integrity": "sha512-Z/xZ7q79dYeE0afqIk/yFEcRNGEQFcE+H8ssYivUiy+xGZ1mGwT72jpaQZKBwPn3JH4sRCu4KA2lcktBQfcOjg==",
      "license": "MIT",
      "dependencies": {
        "cross-spawn": "7.0.6"
      }
    },
    "node_modules/@opencode-ai/plugin/node_modules/zod": {
      "version": "4.1.8",
      "license": "MIT",
      "funding": {
        "url": "https://github.com/sponsors/colinhacks"
      }
    },
    "node_modules/@opencode-ai/sdk": {
      "version": "1.17.7",
      "resolved": "https://registry.npmjs.org/@opencode-ai/sdk/-/sdk-1.17.7.tgz",
      "integrity": "sha512-7q7StGM+N0OwUgRsmDc8Gyz3hMIH1XGig+qZ4lzWUpmSgFEjLx8U7R14GXY7KiMJVdbVf6FeaYloRz2Rcsma4A==",
      "license": "MIT",
      "dependencies": {
        "cross-spawn": "7.0.6"
      }
    },
    "node_modules/@opencode-plugins/env-protection": {
      "version": "1.0.4",
      "resolved": "https://registry.npmjs.org/@opencode-plugins/env-protection/-/env-protection-1.0.4.tgz",
      "integrity": "sha512-ad2WJl8JTain+tf5AnUnO6MUEPh3+DKPln2mAseaJnml5dnUZnr3pIJXCW/lwq5oNterxzopl9s5efb0Bk8o3Q=="
    },
    "node_modules/@standard-schema/spec": {
      "version": "1.1.0",
      "resolved": "https://registry.npmjs.org/@standard-schema/spec/-/spec-1.1.0.tgz",
      "integrity": "sha512-l2aFy5jALhniG5HgqrD6jXLi/rUWrKvqN/qJx6yoJsgKhblVd+iqqU4RCXavm/jPityDo5TCvKMnpjKnOriy0w==",
      "license": "MIT"
    },
    "node_modules/@types/js-yaml": {
      "version": "4.0.9",
      "resolved": "https://registry.npmjs.org/@types/js-yaml/-/js-yaml-4.0.9.tgz",
      "integrity": "sha512-k4MGaQl5TGo/iipqb2UDG2UwjXziSWkh0uysQelTlJpX1qGlpUZYm8PnO4DxG1qBomtJUdYJ6qR6xdIah10JLg==",
      "dev": true,
      "license": "MIT"
    },
    "node_modules/@types/node": {
      "version": "25.9.3",
      "dev": true,
      "license": "MIT",
      "dependencies": {
        "undici-types": ">=7.24.0 <7.24.7"
      }
    },
    "node_modules/@vscode/l10n": {
      "version": "0.0.18",
      "resolved": "https://registry.npmjs.org/@vscode/l10n/-/l10n-0.0.18.tgz",
      "integrity": "sha512-KYSIHVmslkaCDyw013pphY+d7x1qV8IZupYfeIfzNA+nsaWHbn5uPuQRvdRFsa9zFzGeudPuoGoZ1Op4jrJXIQ==",
      "license": "MIT"
    },
    "node_modules/argparse": {
      "version": "2.0.1",
      "resolved": "https://registry.npmjs.org/argparse/-/argparse-2.0.1.tgz",
      "integrity": "sha512-8+9WqebbFzpX9OR+Wa6O29asIogeRMzcGtAINdpMHHyAg10f05aSFVBbcEqGf/PXw1EjAZ+q2/bEBg3DvurK3Q==",
      "license": "Python-2.0"
    },
    "node_modules/balanced-match": {
      "version": "4.0.4",
      "resolved": "https://registry.npmjs.org/balanced-match/-/balanced-match-4.0.4.tgz",
      "integrity": "sha512-BLrgEcRTwX2o6gGxGOCNyMvGSp35YofuYzw9h1IMTRmKqttAZZVU67bdb9Pr2vUHA8+j3i2tJfjO6C6+4myGTA==",
      "license": "MIT",
      "engines": {
        "node": "18 || 20 || >=22"
      }
    },
    "node_modules/boolbase": {
      "version": "1.0.0",
      "resolved": "https://registry.npmjs.org/boolbase/-/boolbase-1.0.0.tgz",
      "integrity": "sha512-JZOSA7Mo9sNGB8+UjSgzdLtokWAky1zbztM3WRLCbZ70/3cTANmQmOdR7y2g+J0e2WXywy1yS468tY+IruqEww==",
      "license": "ISC"
    },
    "node_modules/brace-expansion": {
      "version": "5.0.6",
      "resolved": "https://registry.npmjs.org/brace-expansion/-/brace-expansion-5.0.6.tgz",
      "integrity": "sha512-kLpxurY4Z4r9sgMsyG0Z9uzsBlgiU/EFKhj/h91/8yHu0edo7XuixOIH3VcJ8kkxs6/jPzoI6U9Vj3WqbMQ94g==",
      "license": "MIT",
      "dependencies": {
        "balanced-match": "^4.0.2"
      },
      "engines": {
        "node": "18 || 20 || >=22"
      }
    },
    "node_modules/core-js": {
      "version": "3.49.0",
      "resolved": "https://registry.npmjs.org/core-js/-/core-js-3.49.0.tgz",
      "integrity": "sha512-es1U2+YTtzpwkxVLwAFdSpaIMyQaq0PBgm3YD1W3Qpsn1NAmO3KSgZfu+oGSWVu6NvLHoHCV/aYcsE5wiB7ALg==",
      "hasInstallScript": true,
      "license": "MIT",
      "funding": {
        "type": "opencollective",
        "url": "https://opencollective.com/core-js"
      }
    },
    "node_modules/cross-spawn": {
      "version": "7.0.6",
      "license": "MIT",
      "dependencies": {
        "path-key": "^3.1.0",
        "shebang-command": "^2.0.0",
        "which": "^2.0.1"
      },
      "engines": {
        "node": ">= 8"
      }
    },
    "node_modules/css-select": {
      "version": "5.2.2",
      "resolved": "https://registry.npmjs.org/css-select/-/css-select-5.2.2.tgz",
      "integrity": "sha512-TizTzUddG/xYLA3NXodFM0fSbNizXjOKhqiQQwvhlspadZokn1KDy0NZFS0wuEubIYAV5/c1/lAr0TaaFXEXzw==",
      "license": "BSD-2-Clause",
      "dependencies": {
        "boolbase": "^1.0.0",
        "css-what": "^6.1.0",
        "domhandler": "^5.0.2",
        "domutils": "^3.0.1",
        "nth-check": "^2.0.1"
      },
      "funding": {
        "url": "https://github.com/sponsors/fb55"
      }
    },
    "node_modules/css-what": {
      "version": "6.2.2",
      "resolved": "https://registry.npmjs.org/css-what/-/css-what-6.2.2.tgz",
      "integrity": "sha512-u/O3vwbptzhMs3L1fQE82ZSLHQQfto5gyZzwteVIEyeaY5Fc7R4dapF/BvRoSYFeqfBk4m0V1Vafq5Pjv25wvA==",
      "license": "BSD-2-Clause",
      "engines": {
        "node": ">= 6"
      },
      "funding": {
        "url": "https://github.com/sponsors/fb55"
      }
    },
    "node_modules/detect-libc": {
      "version": "2.1.2",
      "resolved": "https://registry.npmjs.org/detect-libc/-/detect-libc-2.1.2.tgz",
      "integrity": "sha512-Btj2BOOO83o3WyH59e8MgXsxEQVcarkUOpEYrubB0urwnN10yQ364rsiByU11nZlqWYZm05i/of7io4mzihBtQ==",
      "license": "Apache-2.0",
      "optional": true,
      "engines": {
        "node": ">=8"
      }
    },
    "node_modules/dom-serializer": {
      "version": "2.0.0",
      "resolved": "https://registry.npmjs.org/dom-serializer/-/dom-serializer-2.0.0.tgz",
      "integrity": "sha512-wIkAryiqt/nV5EQKqQpo3SToSOV9J0DnbJqwK7Wv/Trc92zIAYZ4FlMu+JPFW1DfGFt81ZTCGgDEabffXeLyJg==",
      "license": "MIT",
      "dependencies": {
        "domelementtype": "^2.3.0",
        "domhandler": "^5.0.2",
        "entities": "^4.2.0"
      },
      "funding": {
        "url": "https://github.com/cheeriojs/dom-serializer?sponsor=1"
      }
    },
    "node_modules/domelementtype": {
      "version": "2.3.0",
      "resolved": "https://registry.npmjs.org/domelementtype/-/domelementtype-2.3.0.tgz",
      "integrity": "sha512-OLETBj6w0OsagBwdXnPdN0cnMfF9opN69co+7ZrbfPGrdpPVNBUj02spi6B1N7wChLQiPn4CSH/zJvXw56gmHw==",
      "funding": [
        {
          "type": "github",
          "url": "https://github.com/sponsors/fb55"
        }
      ],
      "license": "BSD-2-Clause"
    },
    "node_modules/domhandler": {
      "version": "5.0.3",
      "resolved": "https://registry.npmjs.org/domhandler/-/domhandler-5.0.3.tgz",
      "integrity": "sha512-cgwlv/1iFQiFnU96XXgROh8xTeetsnJiDsTc7TYCLFd9+/WNkIqPTxiM/8pSd8VIrhXGTf1Ny1q1hquVqDJB5w==",
      "license": "BSD-2-Clause",
      "dependencies": {
        "domelementtype": "^2.3.0"
      },
      "engines": {
        "node": ">= 4"
      },
      "funding": {
        "url": "https://github.com/fb55/domhandler?sponsor=1"
      }
    },
    "node_modules/domutils": {
      "version": "3.2.2",
      "resolved": "https://registry.npmjs.org/domutils/-/domutils-3.2.2.tgz",
      "integrity": "sha512-6kZKyUajlDuqlHKVX1w7gyslj9MPIXzIFiz/rGu35uC1wMi+kMhQwGhl4lt9unC9Vb9INnY9Z3/ZA3+FhASLaw==",
      "license": "BSD-2-Clause",
      "dependencies": {
        "dom-serializer": "^2.0.0",
        "domelementtype": "^2.3.0",
        "domhandler": "^5.0.3"
      },
      "funding": {
        "url": "https://github.com/fb55/domutils?sponsor=1"
      }
    },
    "node_modules/effect": {
      "version": "4.0.0-beta.74",
      "resolved": "https://registry.npmjs.org/effect/-/effect-4.0.0-beta.74.tgz",
      "integrity": "sha512-Yx+Kh12U+i2FmjwEfKs+ePFmpMd43RPD1oGqc/VraSS9bYzvF0Ff3PojwEFEVEewp8xc92Uxu28gTspU4qyvHA==",
      "license": "MIT",
      "dependencies": {
        "@standard-schema/spec": "^1.1.0",
        "fast-check": "^4.8.0",
        "find-my-way-ts": "^0.1.6",
        "ini": "^7.0.0",
        "kubernetes-types": "^1.30.0",
        "msgpackr": "^2.0.1",
        "multipasta": "^0.2.7",
        "toml": "^4.1.1",
        "uuid": "^14.0.0",
        "yaml": "^2.9.0"
      }
    },
    "node_modules/entities": {
      "version": "4.5.0",
      "resolved": "https://registry.npmjs.org/entities/-/entities-4.5.0.tgz",
      "integrity": "sha512-V0hjH4dGPh9Ao5p0MoRY6BVqtwCjhz6vI5LT8AJ55H+4g9/4vbHx1I54fS0XuclLhDHArPQCiMjDxjaL8fPxhw==",
      "license": "BSD-2-Clause",
      "engines": {
        "node": ">=0.12"
      },
      "funding": {
        "url": "https://github.com/fb55/entities?sponsor=1"
      }
    },
    "node_modules/fast-check": {
      "version": "4.8.0",
      "resolved": "https://registry.npmjs.org/fast-check/-/fast-check-4.8.0.tgz",
      "integrity": "sha512-GOJ158CUMnN6cSahsv4+ExARvIDuzzinFjkp0E9WtiBa5zcVeLozVkWaE4IzFcc+Y48Wp1EDlUZsXRyAztQcSg==",
      "funding": [
        {
          "type": "individual",
          "url": "https://github.com/sponsors/dubzzz"
        },
        {
          "type": "opencollective",
          "url": "https://opencollective.com/fast-check"
        }
      ],
      "license": "MIT",
      "dependencies": {
        "pure-rand": "^8.0.0"
      },
      "engines": {
        "node": ">=12.17.0"
      }
    },
    "node_modules/find-my-way-ts": {
      "version": "0.1.6",
      "resolved": "https://registry.npmjs.org/find-my-way-ts/-/find-my-way-ts-0.1.6.tgz",
      "integrity": "sha512-a85L9ZoXtNAey3Y6Z+eBWW658kO/MwR7zIafkIUPUMf3isZG0NCs2pjW2wtjxAKuJPxMAsHUIP4ZPGv0o5gyTA==",
      "license": "MIT"
    },
    "node_modules/glob": {
      "version": "13.0.6",
      "resolved": "https://registry.npmjs.org/glob/-/glob-13.0.6.tgz",
      "integrity": "sha512-Wjlyrolmm8uDpm/ogGyXZXb1Z+Ca2B8NbJwqBVg0axK9GbBeoS7yGV6vjXnYdGm6X53iehEuxxbyiKp8QmN4Vw==",
      "license": "BlueOak-1.0.0",
      "dependencies": {
        "minimatch": "^10.2.2",
        "minipass": "^7.1.3",
        "path-scurry": "^2.0.2"
      },
      "engines": {
        "node": "18 || 20 || >=22"
      },
      "funding": {
        "url": "https://github.com/sponsors/isaacs"
      }
    },
    "node_modules/he": {
      "version": "1.2.0",
      "resolved": "https://registry.npmjs.org/he/-/he-1.2.0.tgz",
      "integrity": "sha512-F/1DnUGPopORZi0ni+CvrCgHQ5FyEAHRLSApuYWMmrbSwoN2Mn/7k+Gl38gJnR7yyDZk6WLXwiGod1JOWNDKGw==",
      "license": "MIT",
      "bin": {
        "he": "bin/he"
      }
    },
    "node_modules/ini": {
      "version": "7.0.0",
      "resolved": "https://registry.npmjs.org/ini/-/ini-7.0.0.tgz",
      "integrity": "sha512-ifK0CgjALofS5bkrcTy4RaQ9Vx2Knf/eLeIO+NaswQEpH1UblrtTSCIvN71qQDMq0PeQ/SSPojvEJp9vvvfr+w==",
      "license": "ISC",
      "engines": {
        "node": "^22.22.2 || ^24.15.0 || >=26.0.0"
      }
    },
    "node_modules/isexe": {
      "version": "2.0.0",
      "license": "ISC"
    },
    "node_modules/js-yaml": {
      "version": "5.1.0",
      "resolved": "https://registry.npmjs.org/js-yaml/-/js-yaml-5.1.0.tgz",
      "integrity": "sha512-s8VA5jkR8f22S3NAXmhKPFqGUduqZGlsufabVOgN14iTdw/RXcym7bKkbwjxLK9Yw2lEvvmJjFp119+KPeo8Kg==",
      "funding": [
        {
          "type": "github",
          "url": "https://github.com/sponsors/puzrin"
        },
        {
          "type": "github",
          "url": "https://github.com/sponsors/nodeca"
        }
      ],
      "license": "MIT",
      "dependencies": {
        "argparse": "^2.0.1"
      },
      "bin": {
        "js-yaml": "bin/js-yaml.mjs"
      }
    },
    "node_modules/jsep": {
      "version": "1.4.0",
      "resolved": "https://registry.npmjs.org/jsep/-/jsep-1.4.0.tgz",
      "integrity": "sha512-B7qPcEVE3NVkmSJbaYxvv4cHkVW7DQsZz13pUMrfS8z8Q/BuShN+gcTXrUlPiGqM2/t/EEaI030bpxMqY8gMlw==",
      "license": "MIT",
      "engines": {
        "node": ">= 10.16.0"
      }
    },
    "node_modules/jsonc-parser": {
      "version": "3.3.1",
      "resolved": "https://registry.npmjs.org/jsonc-parser/-/jsonc-parser-3.3.1.tgz",
      "integrity": "sha512-HUgH65KyejrUFPvHFPbqOY0rsFip3Bo5wb4ngvdi1EpCYWUQDC5V+Y7mZws+DLkr4M//zQJoanu1SP+87Dv1oQ==",
      "license": "MIT"
    },
    "node_modules/jsonpath-plus": {
      "version": "10.4.0",
      "resolved": "https://registry.npmjs.org/jsonpath-plus/-/jsonpath-plus-10.4.0.tgz",
      "integrity": "sha512-T92WWatJXmhBbKsgH/0hl+jxjdXrifi5IKeMY02DWggRxX0UElcbVzPlmgLTbvsPeW1PasQ6xE2Q75stkhGbsA==",
      "license": "MIT",
      "dependencies": {
        "@jsep-plugin/assignment": "^1.3.0",
        "@jsep-plugin/regex": "^1.0.4",
        "jsep": "^1.4.0"
      },
      "bin": {
        "jsonpath": "bin/jsonpath-cli.js",
        "jsonpath-plus": "bin/jsonpath-cli.js"
      },
      "engines": {
        "node": ">=18.0.0"
      }
    },
    "node_modules/kubernetes-types": {
      "version": "1.30.0",
      "resolved": "https://registry.npmjs.org/kubernetes-types/-/kubernetes-types-1.30.0.tgz",
      "integrity": "sha512-Dew1okvhM/SQcIa2rcgujNndZwU8VnSapDgdxlYoB84ZlpAD43U6KLAFqYo17ykSFGHNPrg0qry0bP+GJd9v7Q==",
      "license": "Apache-2.0"
    },
    "node_modules/lru-cache": {
      "version": "11.5.1",
      "resolved": "https://registry.npmjs.org/lru-cache/-/lru-cache-11.5.1.tgz",
      "integrity": "sha512-RPimw/7aMdv2oqRrxKwvZXcPfwBrn/JZ2xYcY9Hus/6LaS3VOAKVWKWgNLCFSiOm1ESXinjsDlidVU7JlnCN2A==",
      "license": "BlueOak-1.0.0",
      "engines": {
        "node": "20 || >=22"
      }
    },
    "node_modules/minimatch": {
      "version": "10.2.5",
      "resolved": "https://registry.npmjs.org/minimatch/-/minimatch-10.2.5.tgz",
      "integrity": "sha512-MULkVLfKGYDFYejP07QOurDLLQpcjk7Fw+7jXS2R2czRQzR56yHRveU5NDJEOviH+hETZKSkIk5c+T23GjFUMg==",
      "license": "BlueOak-1.0.0",
      "dependencies": {
        "brace-expansion": "^5.0.5"
      },
      "engines": {
        "node": "18 || 20 || >=22"
      },
      "funding": {
        "url": "https://github.com/sponsors/isaacs"
      }
    },
    "node_modules/minipass": {
      "version": "7.1.3",
      "resolved": "https://registry.npmjs.org/minipass/-/minipass-7.1.3.tgz",
      "integrity": "sha512-tEBHqDnIoM/1rXME1zgka9g6Q2lcoCkxHLuc7ODJ5BxbP5d4c2Z5cGgtXAku59200Cx7diuHTOYfSBD8n6mm8A==",
      "license": "BlueOak-1.0.0",
      "engines": {
        "node": ">=16 || 14 >=14.17"
      }
    },
    "node_modules/msgpackr": {
      "version": "2.0.4",
      "resolved": "https://registry.npmjs.org/msgpackr/-/msgpackr-2.0.4.tgz",
      "integrity": "sha512-o1C5KRmuRt+apqMr1HuGSqWStZoRBUpEsCsl15uM9VdAF1qHLtvMOU2En747EnTyEl6c4pzPewRMFF31s1CNbA==",
      "license": "MIT",
      "optionalDependencies": {
        "msgpackr-extract": "^3.0.4"
      }
    },
    "node_modules/msgpackr-extract": {
      "version": "3.0.4",
      "resolved": "https://registry.npmjs.org/msgpackr-extract/-/msgpackr-extract-3.0.4.tgz",
      "integrity": "sha512-4kmO/MdyUIkLIvTPr8VHLil4AtoKIoniWPIEk5+CDy0xnWC84azhSFmuJ7PxZdsYtiP5kEeQsORAVIeMgxT+Hw==",
      "hasInstallScript": true,
      "license": "MIT",
      "optional": true,
      "dependencies": {
        "node-gyp-build-optional-packages": "5.2.2"
      },
      "bin": {
        "download-msgpackr-prebuilds": "bin/download-prebuilds.js"
      },
      "optionalDependencies": {
        "@msgpackr-extract/msgpackr-extract-darwin-arm64": "3.0.4",
        "@msgpackr-extract/msgpackr-extract-darwin-x64": "3.0.4",
        "@msgpackr-extract/msgpackr-extract-linux-arm": "3.0.4",
        "@msgpackr-extract/msgpackr-extract-linux-arm64": "3.0.4",
        "@msgpackr-extract/msgpackr-extract-linux-x64": "3.0.4",
        "@msgpackr-extract/msgpackr-extract-win32-x64": "3.0.4"
      }
    },
    "node_modules/multipasta": {
      "version": "0.2.7",
      "resolved": "https://registry.npmjs.org/multipasta/-/multipasta-0.2.7.tgz",
      "integrity": "sha512-KPA58d68KgGil15oDqXjkUBEBYc00XvbPj5/X+dyzeo/lWm9Nc25pQRlf1D+gv4OpK7NM0J1odrbu9JNNGvynA==",
      "license": "MIT"
    },
    "node_modules/node-gyp-build-optional-packages": {
      "version": "5.2.2",
      "resolved": "https://registry.npmjs.org/node-gyp-build-optional-packages/-/node-gyp-build-optional-packages-5.2.2.tgz",
      "integrity": "sha512-s+w+rBWnpTMwSFbaE0UXsRlg7hU4FjekKU4eyAih5T8nJuNZT1nNsskXpxmeqSK9UzkBl6UgRlnKc8hz8IEqOw==",
      "license": "MIT",
      "optional": true,
      "dependencies": {
        "detect-libc": "^2.0.1"
      },
      "bin": {
        "node-gyp-build-optional-packages": "bin.js",
        "node-gyp-build-optional-packages-optional": "optional.js",
        "node-gyp-build-optional-packages-test": "build-test.js"
      }
    },
    "node_modules/node-html-parser": {
      "version": "6.1.13",
      "resolved": "https://registry.npmjs.org/node-html-parser/-/node-html-parser-6.1.13.tgz",
      "integrity": "sha512-qIsTMOY4C/dAa5Q5vsobRpOOvPfC4pB61UVW2uSwZNUp0QU/jCekTal1vMmbO0DgdHeLUJpv/ARmDqErVxA3Sg==",
      "license": "MIT",
      "dependencies": {
        "css-select": "^5.1.0",
        "he": "1.2.0"
      }
    },
    "node_modules/nth-check": {
      "version": "2.1.1",
      "resolved": "https://registry.npmjs.org/nth-check/-/nth-check-2.1.1.tgz",
      "integrity": "sha512-lqjrjmaOoAnWfMmBPL+XNnynZh2+swxiX3WUE0s4yEHI6m+AwrK2UZOimIRl3X/4QctVqS8AiZjFqyOGrMXb/w==",
      "license": "BSD-2-Clause",
      "dependencies": {
        "boolbase": "^1.0.0"
      },
      "funding": {
        "url": "https://github.com/fb55/nth-check?sponsor=1"
      }
    },
    "node_modules/opencode-ai": {
      "version": "1.17.7",
      "cpu": [
        "arm64",
        "x64"
      ],
      "hasInstallScript": true,
      "license": "MIT",
      "os": [
        "darwin",
        "linux",
        "win32"
      ],
      "bin": {
        "opencode": "bin/opencode.exe"
      },
      "optionalDependencies": {
        "opencode-darwin-arm64": "1.17.7",
        "opencode-darwin-x64": "1.17.7",
        "opencode-darwin-x64-baseline": "1.17.7",
        "opencode-linux-arm64": "1.17.7",
        "opencode-linux-arm64-musl": "1.17.7",
        "opencode-linux-x64": "1.17.7",
        "opencode-linux-x64-baseline": "1.17.7",
        "opencode-linux-x64-baseline-musl": "1.17.7",
        "opencode-linux-x64-musl": "1.17.7",
        "opencode-windows-arm64": "1.17.7",
        "opencode-windows-x64": "1.17.7",
        "opencode-windows-x64-baseline": "1.17.7"
      }
    },
    "node_modules/opencode-darwin-arm64": {
      "version": "1.17.7",
      "resolved": "https://registry.npmjs.org/opencode-darwin-arm64/-/opencode-darwin-arm64-1.17.7.tgz",
      "integrity": "sha512-/uoZpJvnxY1jtRXAASQTIn0goya61M1RJhX0Zx2RwO+sdnrfvYYX6p7iL82Rl+Sp+TAS8y2NBvN+p/OLAnxsqg==",
      "cpu": [
        "arm64"
      ],
      "optional": true,
      "os": [
        "darwin"
      ]
    },
    "node_modules/opencode-darwin-x64": {
      "version": "1.17.7",
      "resolved": "https://registry.npmjs.org/opencode-darwin-x64/-/opencode-darwin-x64-1.17.7.tgz",
      "integrity": "sha512-v60XhJae1eKn/Kjhy2PLOY+ss7peSox8ILZFz7fwBzRgz4q61gIo1vM9WzXQ6Vt+5Oj8etYbPl3xmt1XDLZtEA==",
      "cpu": [
        "x64"
      ],
      "optional": true,
      "os": [
        "darwin"
      ]
    },
    "node_modules/opencode-darwin-x64-baseline": {
      "version": "1.17.7",
      "resolved": "https://registry.npmjs.org/opencode-darwin-x64-baseline/-/opencode-darwin-x64-baseline-1.17.7.tgz",
      "integrity": "sha512-nvaY4qQgS9ZSkCvw9+DOrQQeycbW8/AEcD/Q0suleMuUgFIqfrsVa4cdsmYrUh3BH+y2NRaVgMSIfU9gPqXAKA==",
      "cpu": [
        "x64"
      ],
      "optional": true,
      "os": [
        "darwin"
      ]
    },
    "node_modules/opencode-linux-arm64": {
      "version": "1.17.7",
      "resolved": "https://registry.npmjs.org/opencode-linux-arm64/-/opencode-linux-arm64-1.17.7.tgz",
      "integrity": "sha512-HTH5Z5V7xiAD+/nYn9wQYwM/LDokBZu8Ig+npwJrhGWzZGM+lChbv2+griYyRoaNEZ+zRsCvwyv96TTfb6nWDQ==",
      "cpu": [
        "arm64"
      ],
      "optional": true,
      "os": [
        "linux"
      ]
    },
    "node_modules/opencode-linux-arm64-musl": {
      "version": "1.17.7",
      "resolved": "https://registry.npmjs.org/opencode-linux-arm64-musl/-/opencode-linux-arm64-musl-1.17.7.tgz",
      "integrity": "sha512-bIySXi+XNLHL5m8lS1ljL5XZzQ0iMdf/X6KKaqHbDZQ3E0Qu7ERIHZjohx8S7htvCdPztuzeSr2udS0emumf6g==",
      "cpu": [
        "arm64"
      ],
      "libc": [
        "musl"
      ],
      "optional": true,
      "os": [
        "linux"
      ]
    },
    "node_modules/opencode-linux-x64": {
      "version": "1.17.7",
      "cpu": [
        "x64"
      ],
      "optional": true,
      "os": [
        "linux"
      ]
    },
    "node_modules/opencode-linux-x64-baseline": {
      "version": "1.17.7",
      "cpu": [
        "x64"
      ],
      "optional": true,
      "os": [
        "linux"
      ]
    },
    "node_modules/opencode-linux-x64-baseline-musl": {
      "version": "1.17.7",
      "cpu": [
        "x64"
      ],
      "libc": [
        "musl"
      ],
      "optional": true,
      "os": [
        "linux"
      ]
    },
    "node_modules/opencode-linux-x64-musl": {
      "version": "1.17.7",
      "cpu": [
        "x64"
      ],
      "libc": [
        "musl"
      ],
      "optional": true,
      "os": [
        "linux"
      ]
    },
    "node_modules/opencode-windows-arm64": {
      "version": "1.17.7",
      "resolved": "https://registry.npmjs.org/opencode-windows-arm64/-/opencode-windows-arm64-1.17.7.tgz",
      "integrity": "sha512-BVlfloqHrjPhpDvbm3u1vQuEn063lbT3lcT7HBLmHpvwJd6FJutjPpm5/3xYxSusmXRGL7bmMZ3v1KPOeY0tBQ==",
      "cpu": [
        "arm64"
      ],
      "optional": true,
      "os": [
        "win32"
      ]
    },
    "node_modules/opencode-windows-x64": {
      "version": "1.17.7",
      "resolved": "https://registry.npmjs.org/opencode-windows-x64/-/opencode-windows-x64-1.17.7.tgz",
      "integrity": "sha512-MAykQj6ouoZ2rMt+q8ujBTnc4sD86WfLnPom28CTD+KgmI1s2D2qka7J6DjpK6A3j8PpkC0bEBIqVBciVgY6EA==",
      "cpu": [
        "x64"
      ],
      "optional": true,
      "os": [
        "win32"
      ]
    },
    "node_modules/opencode-windows-x64-baseline": {
      "version": "1.17.7",
      "resolved": "https://registry.npmjs.org/opencode-windows-x64-baseline/-/opencode-windows-x64-baseline-1.17.7.tgz",
      "integrity": "sha512-Gui/cezrLsLEZb1rUwNoKGXIiuZA0FsaGN3L/qR3/Qpce3e+hhqfqLHQXqlh0PFU1dSRKVRF8ukwWVx+2G5CPQ==",
      "cpu": [
        "x64"
      ],
      "optional": true,
      "os": [
        "win32"
      ]
    },
    "node_modules/path-key": {
      "version": "3.1.1",
      "license": "MIT",
      "engines": {
        "node": ">=8"
      }
    },
    "node_modules/path-scurry": {
      "version": "2.0.2",
      "resolved": "https://registry.npmjs.org/path-scurry/-/path-scurry-2.0.2.tgz",
      "integrity": "sha512-3O/iVVsJAPsOnpwWIeD+d6z/7PmqApyQePUtCndjatj/9I5LylHvt5qluFaBT3I5h3r1ejfR056c+FCv+NnNXg==",
      "license": "BlueOak-1.0.0",
      "dependencies": {
        "lru-cache": "^11.0.0",
        "minipass": "^7.1.2"
      },
      "engines": {
        "node": "18 || 20 || >=22"
      },
      "funding": {
        "url": "https://github.com/sponsors/isaacs"
      }
    },
    "node_modules/picomatch": {
      "version": "2.3.2",
      "resolved": "https://registry.npmjs.org/picomatch/-/picomatch-2.3.2.tgz",
      "integrity": "sha512-V7+vQEJ06Z+c5tSye8S+nHUfI51xoXIXjHQ99cQtKUkQqqO1kO/KCJUfZXuB47h/YBlDhah2H3hdUGXn8ie0oA==",
      "license": "MIT",
      "engines": {
        "node": ">=8.6"
      },
      "funding": {
        "url": "https://github.com/sponsors/jonschlinkert"
      }
    },
    "node_modules/pure-rand": {
      "version": "8.4.0",
      "resolved": "https://registry.npmjs.org/pure-rand/-/pure-rand-8.4.0.tgz",
      "integrity": "sha512-IoM8YF/jY0hiugFo/wOWqfmarlE6J0wc6fDK1PhftMk7MGhVZl88sZimmqBBFomLOCSmcCCpsfj7wXASCpvK9A==",
      "funding": [
        {
          "type": "individual",
          "url": "https://github.com/sponsors/dubzzz"
        },
        {
          "type": "opencollective",
          "url": "https://opencollective.com/fast-check"
        }
      ],
      "license": "MIT"
    },
    "node_modules/regenerator-runtime": {
      "version": "0.13.11",
      "resolved": "https://registry.npmjs.org/regenerator-runtime/-/regenerator-runtime-0.13.11.tgz",
      "integrity": "sha512-kY1AZVr2Ra+t+piVaJ4gxaFaReZVH40AKNo7UCX6W+dEwBo/2oZJzqfuN1qLq1oL45o56cPaTXELwrTh8Fpggg==",
      "license": "MIT"
    },
    "node_modules/request-light": {
      "version": "0.7.0",
      "resolved": "https://registry.npmjs.org/request-light/-/request-light-0.7.0.tgz",
      "integrity": "sha512-lMbBMrDoxgsyO+yB3sDcrDuX85yYt7sS8BfQd11jtbW/z5ZWgLZRcEGLsLoYw7I0WSUGQBs8CC8ScIxkTX1+6Q==",
      "license": "MIT"
    },
    "node_modules/semver": {
      "version": "7.8.4",
      "resolved": "https://registry.npmjs.org/semver/-/semver-7.8.4.tgz",
      "integrity": "sha512-rUCObTnP32Q08R2uuIrt7r9PlEonuTmtuXYcW6s5kjdlj3xbnwe+21yXptAUYcMAABLkYYTtnmzb3w3EDZfueA==",
      "license": "ISC",
      "bin": {
        "semver": "bin/semver.js"
      },
      "engines": {
        "node": ">=10"
      }
    },
    "node_modules/shebang-command": {
      "version": "2.0.0",
      "license": "MIT",
      "dependencies": {
        "shebang-regex": "^3.0.0"
      },
      "engines": {
        "node": ">=8"
      }
    },
    "node_modules/shebang-regex": {
      "version": "3.0.0",
      "license": "MIT",
      "engines": {
        "node": ">=8"
      }
    },
    "node_modules/toml": {
      "version": "4.1.1",
      "resolved": "https://registry.npmjs.org/toml/-/toml-4.1.1.tgz",
      "integrity": "sha512-EBJnVBr3dTXdA89WVFoAIPUqkBjxPMwRqsfuo1r240tKFHXv3zgca4+NJib/h6TyvGF7vOawz0jGuryJCdNHrw==",
      "license": "MIT",
      "engines": {
        "node": ">=20"
      }
    },
    "node_modules/typescript": {
      "version": "6.0.3",
      "license": "Apache-2.0",
      "bin": {
        "tsc": "bin/tsc",
        "tsserver": "bin/tsserver"
      },
      "engines": {
        "node": ">=14.17"
      }
    },
    "node_modules/typescript-language-server": {
      "version": "5.3.0",
      "resolved": "https://registry.npmjs.org/typescript-language-server/-/typescript-language-server-5.3.0.tgz",
      "integrity": "sha512-5puofxZHgFdAYtfNpmwCAvgtaYgg8wrUnH30m7Ze3QuguId5RNRadKASpOpyDxTyUdAF51FjhTdjntLw/EuWcQ==",
      "license": "Apache-2.0",
      "bin": {
        "typescript-language-server": "lib/cli.mjs"
      },
      "engines": {
        "node": ">=20"
      }
    },
    "node_modules/undici-types": {
      "version": "7.24.6",
      "dev": true,
      "license": "MIT"
    },
    "node_modules/uuid": {
      "version": "14.0.0",
      "resolved": "https://registry.npmjs.org/uuid/-/uuid-14.0.0.tgz",
      "integrity": "sha512-Qo+uWgilfSmAhXCMav1uYFynlQO7fMFiMVZsQqZRMIXp0O7rR7qjkj+cPvBHLgBqi960QCoo/PH2/6ZtVqKvrg==",
      "funding": [
        "https://github.com/sponsors/broofa",
        "https://github.com/sponsors/ctavan"
      ],
      "license": "MIT",
      "bin": {
        "uuid": "dist-node/bin/uuid"
      }
    },
    "node_modules/vscode-css-languageservice": {
      "version": "6.3.10",
      "resolved": "https://registry.npmjs.org/vscode-css-languageservice/-/vscode-css-languageservice-6.3.10.tgz",
      "integrity": "sha512-eq5N9Er3fC4vA9zd9EFhyBG90wtCCuXgRSpAndaOgXMh1Wgep5lBgRIeDgjZBW9pa+332yC9+49cZMW8jcL3MA==",
      "license": "MIT",
      "dependencies": {
        "@vscode/l10n": "^0.0.18",
        "vscode-languageserver-textdocument": "^1.0.12",
        "vscode-languageserver-types": "3.17.5",
        "vscode-uri": "^3.1.0"
      }
    },
    "node_modules/vscode-css-languageservice/node_modules/vscode-languageserver-types": {
      "version": "3.17.5",
      "resolved": "https://registry.npmjs.org/vscode-languageserver-types/-/vscode-languageserver-types-3.17.5.tgz",
      "integrity": "sha512-Ld1VelNuX9pdF39h2Hgaeb5hEZM2Z3jUrrMgWQAu82jMtZp7p3vJT3BzToKtZI7NgQssZje5o0zryOrhQvzQAg==",
      "license": "MIT"
    },
    "node_modules/vscode-html-languageservice": {
      "version": "5.6.2",
      "resolved": "https://registry.npmjs.org/vscode-html-languageservice/-/vscode-html-languageservice-5.6.2.tgz",
      "integrity": "sha512-ulCrSnFnfQ16YzvwnYUgEbUEl/ZG7u2eV27YhvLObSHKkb8fw1Z9cgsnUwjTEeDIdJDoTDTDpxuhQwoenoLNMg==",
      "license": "MIT",
      "dependencies": {
        "@vscode/l10n": "^0.0.18",
        "vscode-languageserver-textdocument": "^1.0.12",
        "vscode-languageserver-types": "^3.17.5",
        "vscode-uri": "^3.1.0"
      }
    },
    "node_modules/vscode-json-languageservice": {
      "version": "5.7.2",
      "resolved": "https://registry.npmjs.org/vscode-json-languageservice/-/vscode-json-languageservice-5.7.2.tgz",
      "integrity": "sha512-WtKRDtJfFEmLrgtu+ODexOHm/6/krRF0k6t+uvkKIKW1Jh9ZIyxZQwJJwB3qhrEgvAxa37zbUg+vn+UyUK/U2w==",
      "license": "MIT",
      "dependencies": {
        "@vscode/l10n": "^0.0.18",
        "jsonc-parser": "^3.3.1",
        "vscode-languageserver-textdocument": "^1.0.12",
        "vscode-languageserver-types": "^3.17.5",
        "vscode-uri": "^3.1.0"
      }
    },
    "node_modules/vscode-jsonrpc": {
      "version": "9.0.0",
      "resolved": "https://registry.npmjs.org/vscode-jsonrpc/-/vscode-jsonrpc-9.0.0.tgz",
      "integrity": "sha512-+VvMmQPJhtvJ+8O+zu2JKIRiLxXF8NW7krWgyMGeOHrp4Cn23T5hc0v2LknNeopDOB70wghHAds7mKtcZ0I4Sg==",
      "license": "MIT",
      "engines": {
        "node": ">=14.0.0"
      }
    },
    "node_modules/vscode-langservers-extracted": {
      "version": "4.10.0",
      "resolved": "https://registry.npmjs.org/vscode-langservers-extracted/-/vscode-langservers-extracted-4.10.0.tgz",
      "integrity": "sha512-EFf9uQI4dAKbzMQFjDvVm1xJq1DXAQvBEuEfPGrK/xzfsL5xWTfIuRr90NgfmqwO+IEt6vLZm9EOj6R66xIifg==",
      "license": "MIT",
      "dependencies": {
        "@vscode/l10n": "^0.0.18",
        "core-js": "^3.20.1",
        "jsonc-parser": "^3.2.1",
        "regenerator-runtime": "^0.13.9",
        "request-light": "^0.7.0",
        "semver": "^7.6.1",
        "typescript": "^4.0.5",
        "vscode-css-languageservice": "^6.2.14",
        "vscode-html-languageservice": "^5.2.0",
        "vscode-json-languageservice": "^5.3.11",
        "vscode-languageserver": "^10.0.0-next.3",
        "vscode-languageserver-textdocument": "^1.0.11",
        "vscode-languageserver-types": "^3.17.5",
        "vscode-markdown-languageservice": "^0.5.0-alpha.6",
        "vscode-nls": "^5.2.0",
        "vscode-uri": "^3.0.8"
      },
      "bin": {
        "vscode-css-language-server": "bin/vscode-css-language-server",
        "vscode-eslint-language-server": "bin/vscode-eslint-language-server",
        "vscode-html-language-server": "bin/vscode-html-language-server",
        "vscode-json-language-server": "bin/vscode-json-language-server",
        "vscode-markdown-language-server": "bin/vscode-markdown-language-server"
      }
    },
    "node_modules/vscode-langservers-extracted/node_modules/typescript": {
      "version": "4.9.5",
      "resolved": "https://registry.npmjs.org/typescript/-/typescript-4.9.5.tgz",
      "integrity": "sha512-1FXk9E2Hm+QzZQ7z+McJiHL4NW1F2EzMu9Nq9i3zAaGqibafqYwCVU6WyWAuyQRRzOlxou8xZSyXLEN8oKj24g==",
      "license": "Apache-2.0",
      "bin": {
        "tsc": "bin/tsc",
        "tsserver": "bin/tsserver"
      },
      "engines": {
        "node": ">=4.2.0"
      }
    },
    "node_modules/vscode-languageserver": {
      "version": "10.0.0",
      "resolved": "https://registry.npmjs.org/vscode-languageserver/-/vscode-languageserver-10.0.0.tgz",
      "integrity": "sha512-KOdOVuBnNO5EZSejlEDdRPJWpJn/X87vR2TmOXneHsxSYY7mYjgc1SxeZPMoHICcBKTUnM0V19+WP4J92zDd1w==",
      "license": "MIT",
      "dependencies": {
        "vscode-languageserver-protocol": "3.18.0"
      },
      "bin": {
        "installServerIntoExtension": "bin/installServerIntoExtension"
      }
    },
    "node_modules/vscode-languageserver-protocol": {
      "version": "3.18.0",
      "resolved": "https://registry.npmjs.org/vscode-languageserver-protocol/-/vscode-languageserver-protocol-3.18.0.tgz",
      "integrity": "sha512-Zdz+kJ12Iz6tc11xfZyEo501bBATHXrCjmMfnaR3pMnf1CoqZBKIynba3P+/bi9VEdrMbNtAVKYpKhbODvqy+Q==",
      "license": "MIT",
      "dependencies": {
        "vscode-jsonrpc": "9.0.0",
        "vscode-languageserver-types": "3.18.0"
      }
    },
    "node_modules/vscode-languageserver-textdocument": {
      "version": "1.0.12",
      "resolved": "https://registry.npmjs.org/vscode-languageserver-textdocument/-/vscode-languageserver-textdocument-1.0.12.tgz",
      "integrity": "sha512-cxWNPesCnQCcMPeenjKKsOCKQZ/L6Tv19DTRIGuLWe32lyzWhihGVJ/rcckZXJxfdKCFvRLS3fpBIsV/ZGX4zA==",
      "license": "MIT"
    },
    "node_modules/vscode-languageserver-types": {
      "version": "3.18.0",
      "resolved": "https://registry.npmjs.org/vscode-languageserver-types/-/vscode-languageserver-types-3.18.0.tgz",
      "integrity": "sha512-8TsGPNMIMiiBdkORgRSvLjuiEIiAFtO+KssmYWxQ+uSVvlf7RjK8YKCOjPzZ+YA04jXEV7+7LvkSmHkhpNS99g==",
      "license": "MIT"
    },
    "node_modules/vscode-markdown-languageservice": {
      "version": "0.5.0",
      "resolved": "https://registry.npmjs.org/vscode-markdown-languageservice/-/vscode-markdown-languageservice-0.5.0.tgz",
      "integrity": "sha512-+DDXukKWtIHvJtj6tXeLqj8iREnylDQw4yRjY3ldv2J66/oiKRJyLLUy4YhMhfBm9Edjci6VhOSpE84AU3ZFXA==",
      "license": "MIT",
      "dependencies": {
        "@vscode/l10n": "^0.0.18",
        "node-html-parser": "^6.1.5",
        "picomatch": "^2.3.1",
        "vscode-languageserver-protocol": "^3.17.1",
        "vscode-languageserver-textdocument": "^1.0.11",
        "vscode-uri": "^3.0.7"
      },
      "engines": {
        "node": ">=22"
      }
    },
    "node_modules/vscode-nls": {
      "version": "5.2.0",
      "resolved": "https://registry.npmjs.org/vscode-nls/-/vscode-nls-5.2.0.tgz",
      "integrity": "sha512-RAaHx7B14ZU04EU31pT+rKz2/zSl7xMsfIZuo8pd+KZO6PXtQmpevpq3vxvWNcrGbdmhM/rr5Uw5Mz+NBfhVng==",
      "license": "MIT"
    },
    "node_modules/vscode-uri": {
      "version": "3.1.0",
      "resolved": "https://registry.npmjs.org/vscode-uri/-/vscode-uri-3.1.0.tgz",
      "integrity": "sha512-/BpdSx+yCQGnCvecbyXdxHDkuk55/G3xwnC0GqY4gmQ3j+A+g8kzzgB4Nk/SINjqn6+waqw3EgbVF2QKExkRxQ==",
      "license": "MIT"
    },
    "node_modules/which": {
      "version": "2.0.2",
      "license": "ISC",
      "dependencies": {
        "isexe": "^2.0.0"
      },
      "bin": {
        "node-which": "bin/node-which"
      },
      "engines": {
        "node": ">= 8"
      }
    },
    "node_modules/yaml": {
      "version": "2.9.0",
      "resolved": "https://registry.npmjs.org/yaml/-/yaml-2.9.0.tgz",
      "integrity": "sha512-2AvhNX3mb8zd6Zy7INTtSpl1F15HW6Wnqj0srWlkKLcpYl/gMIMJiyuGq2KeI2YFxUPjdlB+3Lc10seMLtL4cA==",
      "license": "ISC",
      "bin": {
        "yaml": "bin.mjs"
      },
      "engines": {
        "node": ">= 14.6"
      },
      "funding": {
        "url": "https://github.com/sponsors/eemeli"
      }
    },
    "node_modules/zod": {
      "version": "3.25.76",
      "license": "MIT",
      "funding": {
        "url": "https://github.com/sponsors/colinhacks"
      }
    }
  }
}
